
Microsoft Visual Studio Solution File, Format Version 12.00
# Visual Studio Version 17
VisualStudioVersion = 17.9.34728.123
MinimumVisualStudioVersion = 10.0.40219.1
Project("{FAE04EC0-301F-11D3-BF4B-00C04F79EFBC}") = "Fruta Console", "Fruta Console\Fruta Console.csproj", "{E8785294-562C-45E9-9D17-2AF65DFE5082}"
EndProject
Project("{2150E333-8FDC-42A3-9474-1A3956D46DE8}") = "Console", "Console", "{9F4117A6-97F2-41E0-86AA-4EB28580BF0A}"
EndProject
Project("{2150E333-8FDC-42A3-9474-1A3956D46DE8}") = "InterfaceGrafica", "InterfaceGrafica", "{89109FB9-6726-4F69-914E-F4583AA3CE6E}"
EndProject
Project("{FAE04EC0-301F-11D3-BF4B-00C04F79EFBC}") = "Fruta InterfaceGrafica", "Fruta InterfaceGrafica\Fruta InterfaceGrafica.csproj", "{5AA8FE5B-B3F0-4315-B78C-506916EB2624}"
EndProject
Global
	GlobalSection(SolutionConfigurationPlatforms) = preSolution
		Debug|Any CPU = Debug|Any CPU
		Release|Any CPU = Release|Any CPU
	EndGlobalSection
	GlobalSection(ProjectConfigurationPlatforms) = postSolution
		{E8785294-562C-45E9-9D17-2AF65DFE5082}.Debug|Any CPU.ActiveCfg = Debug|Any CPU
		{E8785294-562C-45E9-9D17-2AF65DFE5082}.Debug|Any CPU.Build.0 = Debug|Any CPU
		{E8785294-562C-45E9-9D17-2AF65DFE5082}.Release|Any CPU.ActiveCfg = Release|Any CPU
		{E8785294-562C-45E9-9D17-2AF65DFE5082}.Release|Any CPU.Build.0 = Release|Any CPU
		{5AA8FE5B-B3F0-4315-B78C-506916EB2624}.Debug|Any CPU.ActiveCfg = Debug|Any CPU
		{5AA8FE5B-B3F0-4315-B78C-506916EB2624}.Debug|Any CPU.Build.0 = Debug|Any CPU
		{5AA8FE5B-B3F0-4315-B78C-506916EB2624}.Release|Any CPU.ActiveCfg = Release|Any CPU
		{5AA8FE5B-B3F0-4315-B78C-506916EB2624}.Release|Any CPU.Build.0 = Release|Any CPU
	EndGlobalSection
	GlobalSection(SolutionProperties) = preSolution
		HideSolutionNode = FALSE
	EndGlobalSection
	GlobalSection(NestedProjects) = preSolution
		{E8785294-562C-45E9-9D17-2AF65DFE5082} = {9F4117A6-97F2-41E0-86AA-4EB28580BF0A}
		{5AA8FE5B-B3F0-4315-B78C-506916EB2624} = {89109FB9-6726-4F69-914E-F4583AA3CE6E}
	EndGlobalSection
	GlobalSection(ExtensibilityGlobals) = postSolution
		SolutionGuid = {4170A194-1C2D-4F10-BAAB-7F10B8B0745B}
	EndGlobalSection
EndGlobal
